
Microsoft Visual Studio Solution File, Format Version 11.00
# Visual Studio 2010
Project("{FAE04EC0-301F-11D3-BF4B-00C04F79EFBC}") = "Assembly-CSharp", "Assembly-CSharp.csproj", "{2039c73a-9f1d-9821-3aba-4073fcbdfb6b}"
EndProject
Project("{FAE04EC0-301F-11D3-BF4B-00C04F79EFBC}") = "Assembly-CSharp-Editor", "Assembly-CSharp-Editor.csproj", "{79d76e66-b27d-9f44-c5f2-0c02f712c04a}"
EndProject
Global
	GlobalSection(SolutionConfigurationPlatforms) = preSolution
		Debug|Any CPU = Debug|Any CPU
	EndGlobalSection
	GlobalSection(ProjectConfigurationPlatforms) = postSolution
		{2039c73a-9f1d-9821-3aba-4073fcbdfb6b}.Debug|Any CPU.ActiveCfg = Debug|Any CPU
		{2039c73a-9f1d-9821-3aba-4073fcbdfb6b}.Debug|Any CPU.Build.0 = Debug|Any CPU
		{79d76e66-b27d-9f44-c5f2-0c02f712c04a}.Debug|Any CPU.ActiveCfg = Debug|Any CPU
		{79d76e66-b27d-9f44-c5f2-0c02f712c04a}.Debug|Any CPU.Build.0 = Debug|Any CPU
	EndGlobalSection
	GlobalSection(SolutionProperties) = preSolution
		HideSolutionNode = FALSE
	EndGlobalSection
EndGlobal
